
Microsoft Visual Studio Solution File, Format Version 11.00
# Visual Studio 2010
Project("{FAE04EC0-301F-11D3-BF4B-00C04F79EFBC}") = "CourseraAlgorithms_Prgramming1", "CourseraAlgorithms_Prgramming1\CourseraAlgorithms_Prgramming1.csproj", "{D0CF59AF-27C5-4E34-95EB-93D5B9D83F50}"
EndProject
Global
	GlobalSection(SolutionConfigurationPlatforms) = preSolution
		Debug|x86 = Debug|x86
		Release|x86 = Release|x86
	EndGlobalSection
	GlobalSection(ProjectConfigurationPlatforms) = postSolution
		{D0CF59AF-27C5-4E34-95EB-93D5B9D83F50}.Debug|x86.ActiveCfg = Debug|x86
		{D0CF59AF-27C5-4E34-95EB-93D5B9D83F50}.Debug|x86.Build.0 = Debug|x86
		{D0CF59AF-27C5-4E34-95EB-93D5B9D83F50}.Release|x86.ActiveCfg = Release|x86
		{D0CF59AF-27C5-4E34-95EB-93D5B9D83F50}.Release|x86.Build.0 = Release|x86
	EndGlobalSection
	GlobalSection(MonoDevelopProperties) = preSolution
		StartupItem = CourseraAlgorithms_Prgramming1\CourseraAlgorithms_Prgramming1.csproj
	EndGlobalSection
EndGlobal
